
Microsoft Visual Studio Solution File, Format Version 12.00
# Visual Studio 2012
Project("{FAE04EC0-301F-11D3-BF4B-00C04F79EFBC}") = "Geometric.API", "Geometric.API\Geometric.API.csproj", "{7E25B96B-E5DE-4E2F-9E25-9904B384B8D2}"
EndProject
Project("{FAE04EC0-301F-11D3-BF4B-00C04F79EFBC}") = "Geometric.WEB", "Geometric.WEB\Geometric.WEB.csproj", "{51F3207D-5314-45D3-BCEC-93D41161C49F}"
EndProject
Global
	GlobalSection(SolutionConfigurationPlatforms) = preSolution
		Debug|Any CPU = Debug|Any CPU
		Release|Any CPU = Release|Any CPU
	EndGlobalSection
	GlobalSection(ProjectConfigurationPlatforms) = postSolution
		{7E25B96B-E5DE-4E2F-9E25-9904B384B8D2}.Debug|Any CPU.ActiveCfg = Debug|Any CPU
		{7E25B96B-E5DE-4E2F-9E25-9904B384B8D2}.Debug|Any CPU.Build.0 = Debug|Any CPU
		{7E25B96B-E5DE-4E2F-9E25-9904B384B8D2}.Release|Any CPU.ActiveCfg = Release|Any CPU
		{7E25B96B-E5DE-4E2F-9E25-9904B384B8D2}.Release|Any CPU.Build.0 = Release|Any CPU
		{51F3207D-5314-45D3-BCEC-93D41161C49F}.Debug|Any CPU.ActiveCfg = Debug|Any CPU
		{51F3207D-5314-45D3-BCEC-93D41161C49F}.Debug|Any CPU.Build.0 = Debug|Any CPU
		{51F3207D-5314-45D3-BCEC-93D41161C49F}.Release|Any CPU.ActiveCfg = Release|Any CPU
		{51F3207D-5314-45D3-BCEC-93D41161C49F}.Release|Any CPU.Build.0 = Release|Any CPU
	EndGlobalSection
EndGlobal
